// !$*UTF8*$!
{
	archiveVersion = 1;
	classes = {
	};
	objectVersion = 56;
	objects = {

/* Begin PBXBuildFile section */
		1A1A1A11A1A1A1A1A1A1A1 /* App.swift in Sources */ = {isa = PBXBuildFile; fileRef = 1A1A1A11A1A1A1A1A1A1A2 /* App.swift */; };
		1A1A1A11A1A1A1A1A1A1A1 /* ContentView.swift in Sources */ = {isa = PBXBuildFile; fileRef = 1A1A1A11A1A1A1A1A1A1A3 /* ContentView.swift */; };
		1A1A1A11A1A1A1A1A1A1A4 /* Info.plist in Resources */ = {isa = PBXBuildFile; fileRef = 1A1A1A11A1A1A1A1A1A1A5 /* Info.plist */; };
/* End PBXBuildFile section */

/* Begin PBXFileReference section */
		1A1A1A11A1A1A1A1A1A1A10 /* Calculadora30.app */ = {isa = PBXFileReference; explicitFileType = wrapper.application; includeInIndex = 0; path = Calculadora30.app; sourceTree = BUILT_PRODUCTS_DIR; };
		1A1A1A11A1A1A1A1A1A1A2 /* App.swift */ = {isa = PBXFileReference; lastKnownFileType = sourcecode.swift; path = App.swift; sourceTree = "<group>"; };
		1A1A1A11A1A1A1A1A1A1A3 /* ContentView.swift */ = {isa = PBXFileReference; lastKnownFileType = sourcecode.swift; path = ContentView.swift; sourceTree = "<group>"; };
		1A1A1A11A1A1A1A1A1A1A5 /* Info.plist */ = {isa = PBXFileReference; lastKnownFileType = text.plist.xml; path = Info.plist; sourceTree = "<group>"; };
		1A1A1A11A1A1A1A1A1A1A6 /* codemagic.yaml */ = {isa = PBXFileReference; lastKnownFileType = text; path = codemagic.yaml; sourceTree = "<group>"; };
/* End PBXFileReference section */

/* Begin PBXGroup section */
		1A1A1A11A1A1A1A1A1A1B0 = {
			isa = PBXGroup;
			children = (
				1A1A1A11A1A1A1A1A1A1B1 /* Calculadora30 */,
				1A1A1A11A1A1A1A1A1A1B2 /* Products */,
			);
			sourceTree = "<group>";
		};
		1A1A1A11A1A1A1A1A1A1B1 /* Calculadora30 */ = {
			isa = PBXGroup;
			children = (
				1A1A1A11A1A1A1A1A1A1A2 /* App.swift */,
				1A1A1A11A1A1A1A1A1A1A3 /* ContentView.swift */,
				1A1A1A11A1A1A1A1A1A1A5 /* Info.plist */,
				1A1A1A11A1A1A1A1A1A1A6 /* codemagic.yaml */,
			);
			path = "";
			sourceTree = "<group>";
		};
		1A1A1A11A1A1A1A1A1A1B2 /* Products */ = {
			isa = PBXGroup;
			children = (
				1A1A1A11A1A1A1A1A1A1A10 /* Calculadora30.app */,
			);
			name = Products;
			sourceTree = "<group>";
		};
/* End PBXGroup section */

/* Begin PBXSourcesBuildPhase section */
		1A1A1A11A1A1A1A1A1A1C0 /* Sources */ = {
			isa = PBXSourcesBuildPhase;
			buildActionMask = 2147483647;
			files = (
				1A1A1A11A1A1A1A1A1A1A11 /* App.swift in Sources */,
				1A1A1A11A1A1A1A1A1A1A12 /* ContentView.swift in Sources */,
			);
			runOnlyForDeploymentPostprocessing = 0;
		};
/* End PBXSourcesBuildPhase section */

/* Begin PBXResourcesBuildPhase section */
		1A1A1A11A1A1A1A1A1A1C1 /* Resources */ = {
			isa = PBXResourcesBuildPhase;
			buildActionMask = 2147483647;
			files = (
				1A1A1A11A1A1A1A1A1A1A21 /* Info.plist in Resources */,
			);
			runOnlyForDeploymentPostprocessing = 0;
		};
/* End PBXResourcesBuildPhase section */

/* Begin PBXNativeTarget section */
		1A1A1A11A1A1A1A1A1A1D0 /* Calculadora30 */ = {
			isa = PBXNativeTarget;
			buildConfigurationList = 1A1A1A11A1A1A1A1A1A1D1 /* Build configuration list for PBXNativeTarget "Calculadora30" */;
			buildPhases = (
				1A1A1A11A1A1A1A1A1A1C0 /* Sources */,
				1A1A1A11A1A1A1A1A1A1C1 /* Resources */,
			);
			buildRules = (
			);
			dependencies = (
			);
			name = Calculadora30;
			productName = Calculadora30;
			productReference = 1A1A1A11A1A1A1A1A1A1A10 /* Calculadora30.app */;
			productType = "com.apple.product-type.application";
		};
/* End PBXNativeTarget section */

/* Begin PBXProject section */
		1A1A1A11A1A1A1A1A1A1E0 /* Project object */ = {
			isa = PBXProject;
			attributes = {
				LastSwiftUpdateCheck = 1300;
				LastUpgradeCheck = 1300;
				TargetAttributes = {
					1A1A1A11A1A1A1A1A1A1D0 = {
						CreatedOnToolsVersion = 15.0;
					};
				};
			};
			buildConfigurationList = 1A1A1A11A1A1A1A1A1E1 /* Build configuration list for PBXProject "Calculadora30" */;
			compatibilityVersion = "Xcode 14.0";
			developmentRegion = en;
			hasScannedForEncodings = 0;
			knownRegions = (
				en,
				Base,
			);
			mainGroup = 1A1A1A11A1A1A1A1A1A1B0;
			productRefGroup = 1A1A1A11A1A1A1A1A1A1B2 /* Products */;
			projectDirPath = "";
			projectRoot = "";
			targets = (
				1A1A1A11A1A1A1A1A1A1D0 /* Calculadora30 */,
			);
		};
/* End PBXProject section */

/* Begin XCBuildConfiguration section */
		1A1A1A11A1A1A1A1A1A1F0 /* Debug */ = {
			isa = XCBuildConfiguration;
			buildSettings = {
				ALWAYS_SEARCH_USER_PATHS = NO;
				CLANG_ENABLE_OBJC_ARC = YES;
				CODE_SIGN_STYLE = Automatic;
				CURRENT_PROJECT_VERSION = 1;
				DEVELOPMENT_TEAM = "";
				ENABLE_BITCODE = NO;
				INFOPLIST_FILE = Info.plist;
				IPHONEOS_DEPLOYMENT_TARGET = 15.0;
				MARKETING_VERSION = 1.0;
				PRODUCT_BUNDLE_IDENTIFIER = "com.fer.calculadora30";
				PRODUCT_NAME = "$(TARGET_NAME)";
				SWIFT_VERSION = 5.0;
				TARGETED_DEVICE_FAMILY = 1;
				ASSETCATALOG_COMPILER_APPICON_NAME = "AppIcon";
				OTHER_SWIFT_FLAGS = "-DDEBUG";
			};
			name = Debug;
		};
		1A1A1A11A1A1A1A1A1A1F1 /* Release */ = {
			isa = XCBuildConfiguration;
			buildSettings = {
				ALWAYS_SEARCH_USER_PATHS = NO;
				CLANG_ENABLE_OBJC_ARC = YES;
				CODE_SIGN_STYLE = Automatic;
				CURRENT_PROJECT_VERSION = 1;
				DEVELOPMENT_TEAM = "";
				ENABLE_BITCODE = NO;
				INFOPLIST_FILE = Info.plist;
				IPHONEOS_DEPLOYMENT_TARGET = 15.0;
				MARKETING_VERSION = 1.0;
				PRODUCT_BUNDLE_IDENTIFIER = "com.fer.calculadora30";
				PRODUCT_NAME = "$(TARGET_NAME)";
				SWIFT_VERSION = 5.0;
				TARGETED_DEVICE_FAMILY = 1;
				ASSETCATALOG_COMPILER_APPICON_NAME = "AppIcon";
			};
			name = Release;
		};
/* End XCBuildConfiguration section */

/* Begin XCConfigurationList section */
		1A1A1A11A1A1A1A1A1A1E1 /* Build configuration list for PBXProject "Calculadora30" */ = {
			isa = XCConfigurationList;
			buildConfigurations = (
				1A1A1A11A1A1A1A1A1A1F0 /* Debug */,
				1A1A1A11A1A1A1A1A1F1 /* Release */,
			);
			defaultConfigurationIsVisible = 0;
			defaultConfigurationName = Release;
		};
		1A1A1A11A1A1A1A1A1A1D1 /* Build configuration list for PBXNativeTarget "Calculadora30" */ = {
			isa = XCConfigurationList;
			buildConfigurations = (
				1A1A1A11A1A1A1A1A1A1F0 /* Debug */,
				1A1A1A11A1A1A1A1A1F1 /* Release */,
			);
			defaultConfigurationIsVisible = 0;
			defaultConfigurationName = Release;
		};
/* End XCConfigurationList section */
	};
	rootObject = 1A1A1A11A1A1A1A1A1A1E0 /* Project object */;
}
